// !$*UTF8*$!
{
	archiveVersion = 1;
	classes = {
	};
	objectVersion = 77;
	objects = {

/* Begin PBXBuildFile section */
		039E4515822885B47C1B736F /* NavigationCoordinator.swift in Sources */ = {isa = PBXBuildFile; fileRef = BF1D080F23F14DFD50B41E3D /* NavigationCoordinator.swift */; };
		071D192A3A75DACF6FDA80E8 /* HomeScreen.swift in Sources */ = {isa = PBXBuildFile; fileRef = FAF76EBF276FBAD084D5F62C /* HomeScreen.swift */; };
		0D63FE5BE7ACEC64AFE7BD16 /* BuddyPersona in Frameworks */ = {isa = PBXBuildFile; productRef = E64C391922BD2DC616D86DB4 /* BuddyPersona */; };
		0D8BA2FB4E2F32AAA97BB4B7 /* BridgeAppModel.swift in Sources */ = {isa = PBXBuildFile; fileRef = F2382F18941BE0950209AA0E /* BridgeAppModel.swift */; };
		10C4552150806CEAB534178E /* OpenVibbleApp.swift in Sources */ = {isa = PBXBuildFile; fileRef = 77B3453FEFE9D00261494A6F /* OpenVibbleApp.swift */; };
		13C8A0B1E0DAF9363AB87328 /* Assets.xcassets in Resources */ = {isa = PBXBuildFile; fileRef = CC3459B4E6022FBD263A1B98 /* Assets.xcassets */; };
		1C2C6053500D7691CA2F181A /* NUSPeripheral in Frameworks */ = {isa = PBXBuildFile; productRef = E34575DAA58E05003C553CFD /* NUSPeripheral */; };
		2158028287496A33D4016ACC /* BuddyLiveActivityAttributes.swift in Sources */ = {isa = PBXBuildFile; fileRef = 02A2C706FC0D1C2E7EE4A449 /* BuddyLiveActivityAttributes.swift */; };
		2461AD8BB652D66EC53FB324 /* TerminalStyleLite.swift in Sources */ = {isa = PBXBuildFile; fileRef = 6D1CD2BA270744D1E216FCFA /* TerminalStyleLite.swift */; };
		24C74540F6F5CDED17A61CCD /* BuddyUI in Frameworks */ = {isa = PBXBuildFile; productRef = 95466985313AEFA5924180FD /* BuddyUI */; };
		2DC91727EEFE338A37F532DA /* DeviceMenuOverlay.swift in Sources */ = {isa = PBXBuildFile; fileRef = B675ED379CED64D51EE4671A /* DeviceMenuOverlay.swift */; };
		3BA24AC74AB2651F48704C01 /* MiniBuddyGlyphTests.swift in Sources */ = {isa = PBXBuildFile; fileRef = 07B87E2C93760C9540A014BD /* MiniBuddyGlyphTests.swift */; };
		3E730B9291448CF2115FA322 /* BuddyLiveActivityAttributes.swift in Sources */ = {isa = PBXBuildFile; fileRef = 02A2C706FC0D1C2E7EE4A449 /* BuddyLiveActivityAttributes.swift */; };
		4765CE8489545C2B5A0FC55D /* PromptEdgeDetectorTests.swift in Sources */ = {isa = PBXBuildFile; fileRef = 2BA9D2E1EC1BB41E5CA5BF52 /* PromptEdgeDetectorTests.swift */; };
		49323CE8E8BD615C099553C2 /* Localizable.xcstrings in Resources */ = {isa = PBXBuildFile; fileRef = 30707157E1964F9310AA0E33 /* Localizable.xcstrings */; };
		4B8F6E4D6BE3BC156CF356B8 /* BuddyStorage in Frameworks */ = {isa = PBXBuildFile; productRef = D4181E28E656C37944651F07 /* BuddyStorage */; };
		53721F6E5426709BBA037D57 /* BuddyStats in Frameworks */ = {isa = PBXBuildFile; productRef = DC881B515F8061AD893E79BD /* BuddyStats */; };
		7386A953E41C3C1DCCF1A6E1 /* TerminalStyleLite.swift in Sources */ = {isa = PBXBuildFile; fileRef = 6D1CD2BA270744D1E216FCFA /* TerminalStyleLite.swift */; };
		7546E492567BE2295FAAE913 /* SmokeTests.swift in Sources */ = {isa = PBXBuildFile; fileRef = 5F4F84865792A7D52BF73EDD /* SmokeTests.swift */; };
		826E644FAB746EB9FA6EEB8D /* OpenVibbleLiveActivity.appex in Embed Foundation Extensions */ = {isa = PBXBuildFile; fileRef = 6F785828031A298D5AA52F35 /* OpenVibbleLiveActivity.appex */; settings = {ATTRIBUTES = (RemoveHeadersOnCopy, ); }; };
		8538ACBBDAF7514E8F9610BA /* TerminalStyle.swift in Sources */ = {isa = PBXBuildFile; fileRef = F436D96AA5667C59FFFAD4EE /* TerminalStyle.swift */; };
		899F9ED36F2237AB236DB0E1 /* OnboardingScreen.swift in Sources */ = {isa = PBXBuildFile; fileRef = 3638EB48505CF446D806C25A /* OnboardingScreen.swift */; };
		89EE5E1BB9EF8E1FBD7A1389 /* BridgeRuntime in Frameworks */ = {isa = PBXBuildFile; productRef = 1DB67BB197FA9008649A72BF /* BridgeRuntime */; };
		9EDB1FDD35E9029DAEEA6B72 /* SettingsScreen.swift in Sources */ = {isa = PBXBuildFile; fileRef = 12431580E5231408D96515A2 /* SettingsScreen.swift */; };
		9F0FA349BABFFC3F2DD69485 /* BuddyLiveActivityManager.swift in Sources */ = {isa = PBXBuildFile; fileRef = 7AA1CBCBA3072723280C1D62 /* BuddyLiveActivityManager.swift */; };
		9FFE87B19C016A672AC6E9D1 /* BuiltinCharacters in Resources */ = {isa = PBXBuildFile; fileRef = 91F3C187CB72273ADE7F62D1 /* BuiltinCharacters */; };
		A41F74B19E1E987E1852398E /* BuddyLiveActivityBundle.swift in Sources */ = {isa = PBXBuildFile; fileRef = 22FBC544007CEEB71BCD06D8 /* BuddyLiveActivityBundle.swift */; };
		B2AB1216B2E0A68CAA5C660C /* Localizable.xcstrings in Resources */ = {isa = PBXBuildFile; fileRef = 30707157E1964F9310AA0E33 /* Localizable.xcstrings */; };
		C5F0A7A39BC862623686EA6D /* MotionSensor.swift in Sources */ = {isa = PBXBuildFile; fileRef = B99022B5E05DD0DBD7335BEC /* MotionSensor.swift */; };
		C9AC58D301BD3C5F6DEA3BC2 /* BuddyNotificationCenter.swift in Sources */ = {isa = PBXBuildFile; fileRef = D899283E258F52E976B88875 /* BuddyNotificationCenter.swift */; };
		C9FCFB69BA32C7A0070CBA26 /* PromptIntents.swift in Sources */ = {isa = PBXBuildFile; fileRef = 04A40F865CF51C1BCDAA4390 /* PromptIntents.swift */; };
		D344CC6B9180B1E621663DC0 /* DeviceMenuState.swift in Sources */ = {isa = PBXBuildFile; fileRef = BD1CFB277C64078012E3D244 /* DeviceMenuState.swift */; };
		E43EB9951D88D531C22AA846 /* PersonaController.swift in Sources */ = {isa = PBXBuildFile; fileRef = FD1C9C966DB1D6C2C3E2D7C1 /* PersonaController.swift */; };
		EDEEE97570EC5BBAA12F0C4E /* LiveActivitySharedStore.swift in Sources */ = {isa = PBXBuildFile; fileRef = 1C994DA7F257B43DBEDD2360 /* LiveActivitySharedStore.swift */; };
		F792FCCA99DC8AF64B9457D5 /* BuddyProtocol in Frameworks */ = {isa = PBXBuildFile; productRef = 2A2889476DF5C751D95EB4FB /* BuddyProtocol */; };
		F79D111908A6D2D30373A6B7 /* LiveActivitySharedStore.swift in Sources */ = {isa = PBXBuildFile; fileRef = 1C994DA7F257B43DBEDD2360 /* LiveActivitySharedStore.swift */; };
		FDB5A980C170EADC9CD6B1CD /* SpeciesPickerSheet.swift in Sources */ = {isa = PBXBuildFile; fileRef = 3081794479729D37C708A0A4 /* SpeciesPickerSheet.swift */; };
/* End PBXBuildFile section */

/* Begin PBXContainerItemProxy section */
		6E12569B2909039F46C665A1 /* PBXContainerItemProxy */ = {
			isa = PBXContainerItemProxy;
			containerPortal = EBF0C52429AE09059032EC03 /* Project object */;
			proxyType = 1;
			remoteGlobalIDString = B704384976EA2CDEE6ED26D3;
			remoteInfo = OpenVibbleLiveActivity;
		};
		B10EBD1885117857EE484D95 /* PBXContainerItemProxy */ = {
			isa = PBXContainerItemProxy;
			containerPortal = EBF0C52429AE09059032EC03 /* Project object */;
			proxyType = 1;
			remoteGlobalIDString = 89FDE76CCB772B8D0ED90AEA;
			remoteInfo = OpenVibbleApp;
		};
/* End PBXContainerItemProxy section */

/* Begin PBXCopyFilesBuildPhase section */
		D9FD9AC003BBE4A8A7B6F177 /* Embed Foundation Extensions */ = {
			isa = PBXCopyFilesBuildPhase;
			buildActionMask = 2147483647;
			dstPath = "";
			dstSubfolderSpec = 13;
			files = (
				826E644FAB746EB9FA6EEB8D /* OpenVibbleLiveActivity.appex in Embed Foundation Extensions */,
			);
			name = "Embed Foundation Extensions";
			runOnlyForDeploymentPostprocessing = 0;
		};
/* End PBXCopyFilesBuildPhase section */

/* Begin PBXFileReference section */
		01E8E5139CD9C5AD027E891B /* OpenVibbleLiveActivity.entitlements */ = {isa = PBXFileReference; lastKnownFileType = text.plist.entitlements; path = OpenVibbleLiveActivity.entitlements; sourceTree = "<group>"; };
		02A2C706FC0D1C2E7EE4A449 /* BuddyLiveActivityAttributes.swift */ = {isa = PBXFileReference; lastKnownFileType = sourcecode.swift; path = BuddyLiveActivityAttributes.swift; sourceTree = "<group>"; };
		04A40F865CF51C1BCDAA4390 /* PromptIntents.swift */ = {isa = PBXFileReference; lastKnownFileType = sourcecode.swift; path = PromptIntents.swift; sourceTree = "<group>"; };
		07B87E2C93760C9540A014BD /* MiniBuddyGlyphTests.swift */ = {isa = PBXFileReference; lastKnownFileType = sourcecode.swift; path = MiniBuddyGlyphTests.swift; sourceTree = "<group>"; };
		12431580E5231408D96515A2 /* SettingsScreen.swift */ = {isa = PBXFileReference; lastKnownFileType = sourcecode.swift; path = SettingsScreen.swift; sourceTree = "<group>"; };
		1C994DA7F257B43DBEDD2360 /* LiveActivitySharedStore.swift */ = {isa = PBXFileReference; lastKnownFileType = sourcecode.swift; path = LiveActivitySharedStore.swift; sourceTree = "<group>"; };
		22FBC544007CEEB71BCD06D8 /* BuddyLiveActivityBundle.swift */ = {isa = PBXFileReference; lastKnownFileType = sourcecode.swift; path = BuddyLiveActivityBundle.swift; sourceTree = "<group>"; };
		2BA9D2E1EC1BB41E5CA5BF52 /* PromptEdgeDetectorTests.swift */ = {isa = PBXFileReference; lastKnownFileType = sourcecode.swift; path = PromptEdgeDetectorTests.swift; sourceTree = "<group>"; };
		30707157E1964F9310AA0E33 /* Localizable.xcstrings */ = {isa = PBXFileReference; lastKnownFileType = text.json.xcstrings; path = Localizable.xcstrings; sourceTree = "<group>"; };
		3081794479729D37C708A0A4 /* SpeciesPickerSheet.swift */ = {isa = PBXFileReference; lastKnownFileType = sourcecode.swift; path = SpeciesPickerSheet.swift; sourceTree = "<group>"; };
		3638EB48505CF446D806C25A /* OnboardingScreen.swift */ = {isa = PBXFileReference; lastKnownFileType = sourcecode.swift; path = OnboardingScreen.swift; sourceTree = "<group>"; };
		5F4F84865792A7D52BF73EDD /* SmokeTests.swift */ = {isa = PBXFileReference; lastKnownFileType = sourcecode.swift; path = SmokeTests.swift; sourceTree = "<group>"; };
		5FFF5757CB966F2F1570C019 /* OpenVibbleAppTests.xctest */ = {isa = PBXFileReference; includeInIndex = 0; lastKnownFileType = wrapper.cfbundle; path = OpenVibbleAppTests.xctest; sourceTree = BUILT_PRODUCTS_DIR; };
		6D1CD2BA270744D1E216FCFA /* TerminalStyleLite.swift */ = {isa = PBXFileReference; lastKnownFileType = sourcecode.swift; path = TerminalStyleLite.swift; sourceTree = "<group>"; };
		6F785828031A298D5AA52F35 /* OpenVibbleLiveActivity.appex */ = {isa = PBXFileReference; includeInIndex = 0; lastKnownFileType = "wrapper.app-extension"; path = OpenVibbleLiveActivity.appex; sourceTree = BUILT_PRODUCTS_DIR; };
		77B3453FEFE9D00261494A6F /* OpenVibbleApp.swift */ = {isa = PBXFileReference; lastKnownFileType = sourcecode.swift; path = OpenVibbleApp.swift; sourceTree = "<group>"; };
		7AA1CBCBA3072723280C1D62 /* BuddyLiveActivityManager.swift */ = {isa = PBXFileReference; lastKnownFileType = sourcecode.swift; path = BuddyLiveActivityManager.swift; sourceTree = "<group>"; };
		7E47C66FD50F78FAD4642669 /* OpenVibbleApp.entitlements */ = {isa = PBXFileReference; lastKnownFileType = text.plist.entitlements; path = OpenVibbleApp.entitlements; sourceTree = "<group>"; };
		91F3C187CB72273ADE7F62D1 /* BuiltinCharacters */ = {isa = PBXFileReference; lastKnownFileType = folder; name = BuiltinCharacters; path = OpenVibbleApp/Resources/BuiltinCharacters; sourceTree = SOURCE_ROOT; };
		AEE80BFE42253DF8A0777FC9 /* OpenVibbleKit */ = {isa = PBXFileReference; lastKnownFileType = folder; name = OpenVibbleKit; path = Packages/OpenVibbleKit; sourceTree = SOURCE_ROOT; };
		AF72CA7A3AC578E356AF0373 /* Info.plist */ = {isa = PBXFileReference; lastKnownFileType = text.plist; path = Info.plist; sourceTree = "<group>"; };
		B56B396C1C7E39F53D657B11 /* OpenVibbleApp.app */ = {isa = PBXFileReference; includeInIndex = 0; lastKnownFileType = wrapper.application; path = OpenVibbleApp.app; sourceTree = BUILT_PRODUCTS_DIR; };
		B675ED379CED64D51EE4671A /* DeviceMenuOverlay.swift */ = {isa = PBXFileReference; lastKnownFileType = sourcecode.swift; path = DeviceMenuOverlay.swift; sourceTree = "<group>"; };
		B99022B5E05DD0DBD7335BEC /* MotionSensor.swift */ = {isa = PBXFileReference; lastKnownFileType = sourcecode.swift; path = MotionSensor.swift; sourceTree = "<group>"; };
		BD1CFB277C64078012E3D244 /* DeviceMenuState.swift */ = {isa = PBXFileReference; lastKnownFileType = sourcecode.swift; path = DeviceMenuState.swift; sourceTree = "<group>"; };
		BF1D080F23F14DFD50B41E3D /* NavigationCoordinator.swift */ = {isa = PBXFileReference; lastKnownFileType = sourcecode.swift; path = NavigationCoordinator.swift; sourceTree = "<group>"; };
		CC3459B4E6022FBD263A1B98 /* Assets.xcassets */ = {isa = PBXFileReference; lastKnownFileType = folder.assetcatalog; path = Assets.xcassets; sourceTree = "<group>"; };
		D899283E258F52E976B88875 /* BuddyNotificationCenter.swift */ = {isa = PBXFileReference; lastKnownFileType = sourcecode.swift; path = BuddyNotificationCenter.swift; sourceTree = "<group>"; };
		F2382F18941BE0950209AA0E /* BridgeAppModel.swift */ = {isa = PBXFileReference; lastKnownFileType = sourcecode.swift; path = BridgeAppModel.swift; sourceTree = "<group>"; };
		F436D96AA5667C59FFFAD4EE /* TerminalStyle.swift */ = {isa = PBXFileReference; lastKnownFileType = sourcecode.swift; path = TerminalStyle.swift; sourceTree = "<group>"; };
		FA740647AA30E09599D13094 /* Info.plist */ = {isa = PBXFileReference; lastKnownFileType = text.plist; path = Info.plist; sourceTree = "<group>"; };
		FAF76EBF276FBAD084D5F62C /* HomeScreen.swift */ = {isa = PBXFileReference; lastKnownFileType = sourcecode.swift; path = HomeScreen.swift; sourceTree = "<group>"; };
		FD1C9C966DB1D6C2C3E2D7C1 /* PersonaController.swift */ = {isa = PBXFileReference; lastKnownFileType = sourcecode.swift; path = PersonaController.swift; sourceTree = "<group>"; };
/* End PBXFileReference section */

/* Begin PBXFrameworksBuildPhase section */
		14A38946CDABEFFA5FAFD17C /* Frameworks */ = {
			isa = PBXFrameworksBuildPhase;
			buildActionMask = 2147483647;
			files = (
				89EE5E1BB9EF8E1FBD7A1389 /* BridgeRuntime in Frameworks */,
				1C2C6053500D7691CA2F181A /* NUSPeripheral in Frameworks */,
				4B8F6E4D6BE3BC156CF356B8 /* BuddyStorage in Frameworks */,
				F792FCCA99DC8AF64B9457D5 /* BuddyProtocol in Frameworks */,
				0D63FE5BE7ACEC64AFE7BD16 /* BuddyPersona in Frameworks */,
				53721F6E5426709BBA037D57 /* BuddyStats in Frameworks */,
				24C74540F6F5CDED17A61CCD /* BuddyUI in Frameworks */,
			);
			runOnlyForDeploymentPostprocessing = 0;
		};
/* End PBXFrameworksBuildPhase section */

/* Begin PBXGroup section */
		00D17E2417BA0F38A07E441C /* Shared */ = {
			isa = PBXGroup;
			children = (
				02A2C706FC0D1C2E7EE4A449 /* BuddyLiveActivityAttributes.swift */,
				1C994DA7F257B43DBEDD2360 /* LiveActivitySharedStore.swift */,
				6D1CD2BA270744D1E216FCFA /* TerminalStyleLite.swift */,
			);
			path = Shared;
			sourceTree = "<group>";
		};
		1441C9F4AB54F25B1093132F /* OpenVibbleLiveActivity */ = {
			isa = PBXGroup;
			children = (
				22FBC544007CEEB71BCD06D8 /* BuddyLiveActivityBundle.swift */,
				FA740647AA30E09599D13094 /* Info.plist */,
				01E8E5139CD9C5AD027E891B /* OpenVibbleLiveActivity.entitlements */,
				04A40F865CF51C1BCDAA4390 /* PromptIntents.swift */,
			);
			path = OpenVibbleLiveActivity;
			sourceTree = "<group>";
		};
		2AC5AA55382941A2944FC625 /* Onboarding */ = {
			isa = PBXGroup;
			children = (
				3638EB48505CF446D806C25A /* OnboardingScreen.swift */,
			);
			path = Onboarding;
			sourceTree = "<group>";
		};
		2B9EB812B5EBB7225B4B50BA /* Settings */ = {
			isa = PBXGroup;
			children = (
				12431580E5231408D96515A2 /* SettingsScreen.swift */,
			);
			path = Settings;
			sourceTree = "<group>";
		};
		2F23F08AE4935659630B80B3 /* Products */ = {
			isa = PBXGroup;
			children = (
				B56B396C1C7E39F53D657B11 /* OpenVibbleApp.app */,
				5FFF5757CB966F2F1570C019 /* OpenVibbleAppTests.xctest */,
				6F785828031A298D5AA52F35 /* OpenVibbleLiveActivity.appex */,
			);
			name = Products;
			sourceTree = "<group>";
		};
		4699B6736AAE58A2098725F8 /* LiveActivity */ = {
			isa = PBXGroup;
			children = (
				7AA1CBCBA3072723280C1D62 /* BuddyLiveActivityManager.swift */,
			);
			path = LiveActivity;
			sourceTree = "<group>";
		};
		488A0BCD0337095E7B12E1E0 /* OpenVibbleApp */ = {
			isa = PBXGroup;
			children = (
				CC3459B4E6022FBD263A1B98 /* Assets.xcassets */,
				F2382F18941BE0950209AA0E /* BridgeAppModel.swift */,
				AF72CA7A3AC578E356AF0373 /* Info.plist */,
				BF1D080F23F14DFD50B41E3D /* NavigationCoordinator.swift */,
				7E47C66FD50F78FAD4642669 /* OpenVibbleApp.entitlements */,
				77B3453FEFE9D00261494A6F /* OpenVibbleApp.swift */,
				FD1C9C966DB1D6C2C3E2D7C1 /* PersonaController.swift */,
				8DCB1A32783E284EF6E7C5F0 /* Home */,
				4699B6736AAE58A2098725F8 /* LiveActivity */,
				CE4D9D03CD98733E34B854FA /* Motion */,
				CFD2C114FAB7434A857A4350 /* Notifications */,
				2AC5AA55382941A2944FC625 /* Onboarding */,
				9770B983DF47697AD533B0FA /* Resources */,
				2B9EB812B5EBB7225B4B50BA /* Settings */,
				B903C2EFBD7E8C928B250314 /* UI */,
			);
			path = OpenVibbleApp;
			sourceTree = "<group>";
		};
		61612621C5D3BBC394D28E89 /* OpenVibbleAppTests */ = {
			isa = PBXGroup;
			children = (
				07B87E2C93760C9540A014BD /* MiniBuddyGlyphTests.swift */,
				2BA9D2E1EC1BB41E5CA5BF52 /* PromptEdgeDetectorTests.swift */,
				5F4F84865792A7D52BF73EDD /* SmokeTests.swift */,
			);
			path = OpenVibbleAppTests;
			sourceTree = "<group>";
		};
		8051F88B5E19FE291CA78B0B = {
			isa = PBXGroup;
			children = (
				91F3C187CB72273ADE7F62D1 /* BuiltinCharacters */,
				488A0BCD0337095E7B12E1E0 /* OpenVibbleApp */,
				61612621C5D3BBC394D28E89 /* OpenVibbleAppTests */,
				1441C9F4AB54F25B1093132F /* OpenVibbleLiveActivity */,
				8F16019EAA9302DD5B1F9576 /* Packages */,
				00D17E2417BA0F38A07E441C /* Shared */,
				2F23F08AE4935659630B80B3 /* Products */,
			);
			sourceTree = "<group>";
		};
		8DCB1A32783E284EF6E7C5F0 /* Home */ = {
			isa = PBXGroup;
			children = (
				B675ED379CED64D51EE4671A /* DeviceMenuOverlay.swift */,
				BD1CFB277C64078012E3D244 /* DeviceMenuState.swift */,
				FAF76EBF276FBAD084D5F62C /* HomeScreen.swift */,
				3081794479729D37C708A0A4 /* SpeciesPickerSheet.swift */,
			);
			path = Home;
			sourceTree = "<group>";
		};
		8F16019EAA9302DD5B1F9576 /* Packages */ = {
			isa = PBXGroup;
			children = (
				AEE80BFE42253DF8A0777FC9 /* OpenVibbleKit */,
			);
			path = Packages;
			sourceTree = "<group>";
		};
		9770B983DF47697AD533B0FA /* Resources */ = {
			isa = PBXGroup;
			children = (
				30707157E1964F9310AA0E33 /* Localizable.xcstrings */,
			);
			path = Resources;
			sourceTree = "<group>";
		};
		B903C2EFBD7E8C928B250314 /* UI */ = {
			isa = PBXGroup;
			children = (
				F436D96AA5667C59FFFAD4EE /* TerminalStyle.swift */,
			);
			path = UI;
			sourceTree = "<group>";
		};
		CE4D9D03CD98733E34B854FA /* Motion */ = {
			isa = PBXGroup;
			children = (
				B99022B5E05DD0DBD7335BEC /* MotionSensor.swift */,
			);
			path = Motion;
			sourceTree = "<group>";
		};
		CFD2C114FAB7434A857A4350 /* Notifications */ = {
			isa = PBXGroup;
			children = (
				D899283E258F52E976B88875 /* BuddyNotificationCenter.swift */,
			);
			path = Notifications;
			sourceTree = "<group>";
		};
/* End PBXGroup section */

/* Begin PBXNativeTarget section */
		3F8ACEF9EAFFF7D2938DCC74 /* OpenVibbleAppTests */ = {
			isa = PBXNativeTarget;
			buildConfigurationList = 43742E17F5C3194136C1E44A /* Build configuration list for PBXNativeTarget "OpenVibbleAppTests" */;
			buildPhases = (
				6FD25619B2FA752B04D5F412 /* Sources */,
			);
			buildRules = (
			);
			dependencies = (
				6CCE2E0FAE1EC328AD97F7BF /* PBXTargetDependency */,
			);
			name = OpenVibbleAppTests;
			packageProductDependencies = (
			);
			productName = OpenVibbleAppTests;
			productReference = 5FFF5757CB966F2F1570C019 /* OpenVibbleAppTests.xctest */;
			productType = "com.apple.product-type.bundle.unit-test";
		};
		89FDE76CCB772B8D0ED90AEA /* OpenVibbleApp */ = {
			isa = PBXNativeTarget;
			buildConfigurationList = 35DF40CB13C9A972EFF97E1D /* Build configuration list for PBXNativeTarget "OpenVibbleApp" */;
			buildPhases = (
				BF2611377C7E987E4E8BE025 /* Sources */,
				2BD0DD2345E185401657DF9F /* Resources */,
				14A38946CDABEFFA5FAFD17C /* Frameworks */,
				D9FD9AC003BBE4A8A7B6F177 /* Embed Foundation Extensions */,
			);
			buildRules = (
			);
			dependencies = (
				B9E4DE32CAF803DCCC121AE7 /* PBXTargetDependency */,
			);
			name = OpenVibbleApp;
			packageProductDependencies = (
				1DB67BB197FA9008649A72BF /* BridgeRuntime */,
				E34575DAA58E05003C553CFD /* NUSPeripheral */,
				D4181E28E656C37944651F07 /* BuddyStorage */,
				2A2889476DF5C751D95EB4FB /* BuddyProtocol */,
				E64C391922BD2DC616D86DB4 /* BuddyPersona */,
				DC881B515F8061AD893E79BD /* BuddyStats */,
				95466985313AEFA5924180FD /* BuddyUI */,
			);
			productName = OpenVibbleApp;
			productReference = B56B396C1C7E39F53D657B11 /* OpenVibbleApp.app */;
			productType = "com.apple.product-type.application";
		};
		B704384976EA2CDEE6ED26D3 /* OpenVibbleLiveActivity */ = {
			isa = PBXNativeTarget;
			buildConfigurationList = 470DA2947C22966D05252FF3 /* Build configuration list for PBXNativeTarget "OpenVibbleLiveActivity" */;
			buildPhases = (
				FD3282AC669948D77360B81E /* Sources */,
				F745EF95493C96364A1CF01D /* Resources */,
			);
			buildRules = (
			);
			dependencies = (
			);
			name = OpenVibbleLiveActivity;
			packageProductDependencies = (
			);
			productName = OpenVibbleLiveActivity;
			productReference = 6F785828031A298D5AA52F35 /* OpenVibbleLiveActivity.appex */;
			productType = "com.apple.product-type.app-extension";
		};
/* End PBXNativeTarget section */

/* Begin PBXProject section */
		EBF0C52429AE09059032EC03 /* Project object */ = {
			isa = PBXProject;
			attributes = {
				BuildIndependentTargetsInParallel = YES;
				LastUpgradeCheck = 1430;
				TargetAttributes = {
					3F8ACEF9EAFFF7D2938DCC74 = {
						DevelopmentTeam = "";
					};
					89FDE76CCB772B8D0ED90AEA = {
						DevelopmentTeam = "";
					};
					B704384976EA2CDEE6ED26D3 = {
						DevelopmentTeam = "";
					};
				};
			};
			buildConfigurationList = BD41E83893AB248CFF4D3207 /* Build configuration list for PBXProject "OpenVibble" */;
			developmentRegion = en;
			hasScannedForEncodings = 0;
			knownRegions = (
				Base,
				en,
				"zh-Hans",
			);
			mainGroup = 8051F88B5E19FE291CA78B0B;
			minimizedProjectReferenceProxies = 1;
			packageReferences = (
				FDA7D9305826DD785BB8075C /* XCLocalSwiftPackageReference "Packages/OpenVibbleKit" */,
			);
			preferredProjectObjectVersion = 77;
			productRefGroup = 2F23F08AE4935659630B80B3 /* Products */;
			projectDirPath = "";
			projectRoot = "";
			targets = (
				89FDE76CCB772B8D0ED90AEA /* OpenVibbleApp */,
				3F8ACEF9EAFFF7D2938DCC74 /* OpenVibbleAppTests */,
				B704384976EA2CDEE6ED26D3 /* OpenVibbleLiveActivity */,
			);
		};
/* End PBXProject section */

/* Begin PBXResourcesBuildPhase section */
		2BD0DD2345E185401657DF9F /* Resources */ = {
			isa = PBXResourcesBuildPhase;
			buildActionMask = 2147483647;
			files = (
				13C8A0B1E0DAF9363AB87328 /* Assets.xcassets in Resources */,
				9FFE87B19C016A672AC6E9D1 /* BuiltinCharacters in Resources */,
				49323CE8E8BD615C099553C2 /* Localizable.xcstrings in Resources */,
			);
			runOnlyForDeploymentPostprocessing = 0;
		};
		F745EF95493C96364A1CF01D /* Resources */ = {
			isa = PBXResourcesBuildPhase;
			buildActionMask = 2147483647;
			files = (
				B2AB1216B2E0A68CAA5C660C /* Localizable.xcstrings in Resources */,
			);
			runOnlyForDeploymentPostprocessing = 0;
		};
/* End PBXResourcesBuildPhase section */

/* Begin PBXSourcesBuildPhase section */
		6FD25619B2FA752B04D5F412 /* Sources */ = {
			isa = PBXSourcesBuildPhase;
			buildActionMask = 2147483647;
			files = (
				3BA24AC74AB2651F48704C01 /* MiniBuddyGlyphTests.swift in Sources */,
				4765CE8489545C2B5A0FC55D /* PromptEdgeDetectorTests.swift in Sources */,
				7546E492567BE2295FAAE913 /* SmokeTests.swift in Sources */,
			);
			runOnlyForDeploymentPostprocessing = 0;
		};
		BF2611377C7E987E4E8BE025 /* Sources */ = {
			isa = PBXSourcesBuildPhase;
			buildActionMask = 2147483647;
			files = (
				0D8BA2FB4E2F32AAA97BB4B7 /* BridgeAppModel.swift in Sources */,
				2158028287496A33D4016ACC /* BuddyLiveActivityAttributes.swift in Sources */,
				9F0FA349BABFFC3F2DD69485 /* BuddyLiveActivityManager.swift in Sources */,
				C9AC58D301BD3C5F6DEA3BC2 /* BuddyNotificationCenter.swift in Sources */,
				2DC91727EEFE338A37F532DA /* DeviceMenuOverlay.swift in Sources */,
				D344CC6B9180B1E621663DC0 /* DeviceMenuState.swift in Sources */,
				071D192A3A75DACF6FDA80E8 /* HomeScreen.swift in Sources */,
				EDEEE97570EC5BBAA12F0C4E /* LiveActivitySharedStore.swift in Sources */,
				C5F0A7A39BC862623686EA6D /* MotionSensor.swift in Sources */,
				039E4515822885B47C1B736F /* NavigationCoordinator.swift in Sources */,
				899F9ED36F2237AB236DB0E1 /* OnboardingScreen.swift in Sources */,
				10C4552150806CEAB534178E /* OpenVibbleApp.swift in Sources */,
				E43EB9951D88D531C22AA846 /* PersonaController.swift in Sources */,
				9EDB1FDD35E9029DAEEA6B72 /* SettingsScreen.swift in Sources */,
				FDB5A980C170EADC9CD6B1CD /* SpeciesPickerSheet.swift in Sources */,
				8538ACBBDAF7514E8F9610BA /* TerminalStyle.swift in Sources */,
				2461AD8BB652D66EC53FB324 /* TerminalStyleLite.swift in Sources */,
			);
			runOnlyForDeploymentPostprocessing = 0;
		};
		FD3282AC669948D77360B81E /* Sources */ = {
			isa = PBXSourcesBuildPhase;
			buildActionMask = 2147483647;
			files = (
				3E730B9291448CF2115FA322 /* BuddyLiveActivityAttributes.swift in Sources */,
				A41F74B19E1E987E1852398E /* BuddyLiveActivityBundle.swift in Sources */,
				F79D111908A6D2D30373A6B7 /* LiveActivitySharedStore.swift in Sources */,
				C9FCFB69BA32C7A0070CBA26 /* PromptIntents.swift in Sources */,
				7386A953E41C3C1DCCF1A6E1 /* TerminalStyleLite.swift in Sources */,
			);
			runOnlyForDeploymentPostprocessing = 0;
		};
/* End PBXSourcesBuildPhase section */

/* Begin PBXTargetDependency section */
		6CCE2E0FAE1EC328AD97F7BF /* PBXTargetDependency */ = {
			isa = PBXTargetDependency;
			target = 89FDE76CCB772B8D0ED90AEA /* OpenVibbleApp */;
			targetProxy = B10EBD1885117857EE484D95 /* PBXContainerItemProxy */;
		};
		B9E4DE32CAF803DCCC121AE7 /* PBXTargetDependency */ = {
			isa = PBXTargetDependency;
			target = B704384976EA2CDEE6ED26D3 /* OpenVibbleLiveActivity */;
			targetProxy = 6E12569B2909039F46C665A1 /* PBXContainerItemProxy */;
		};
/* End PBXTargetDependency section */

/* Begin XCBuildConfiguration section */
		02C8905BB1E1C41F35664A62 /* Debug */ = {
			isa = XCBuildConfiguration;
			buildSettings = {
				ALWAYS_SEARCH_USER_PATHS = NO;
				CLANG_ANALYZER_NONNULL = YES;
				CLANG_ANALYZER_NUMBER_OBJECT_CONVERSION = YES_AGGRESSIVE;
				CLANG_CXX_LANGUAGE_STANDARD = "gnu++14";
				CLANG_CXX_LIBRARY = "libc++";
				CLANG_ENABLE_MODULES = YES;
				CLANG_ENABLE_OBJC_ARC = YES;
				CLANG_ENABLE_OBJC_WEAK = YES;
				CLANG_WARN_BLOCK_CAPTURE_AUTORELEASING = YES;
				CLANG_WARN_BOOL_CONVERSION = YES;
				CLANG_WARN_COMMA = YES;
				CLANG_WARN_CONSTANT_CONVERSION = YES;
				CLANG_WARN_DEPRECATED_OBJC_IMPLEMENTATIONS = YES;
				CLANG_WARN_DIRECT_OBJC_ISA_USAGE = YES_ERROR;
				CLANG_WARN_DOCUMENTATION_COMMENTS = YES;
				CLANG_WARN_EMPTY_BODY = YES;
				CLANG_WARN_ENUM_CONVERSION = YES;
				CLANG_WARN_INFINITE_RECURSION = YES;
				CLANG_WARN_INT_CONVERSION = YES;
				CLANG_WARN_NON_LITERAL_NULL_CONVERSION = YES;
				CLANG_WARN_OBJC_IMPLICIT_RETAIN_SELF = YES;
				CLANG_WARN_OBJC_LITERAL_CONVERSION = YES;
				CLANG_WARN_OBJC_ROOT_CLASS = YES_ERROR;
				CLANG_WARN_QUOTED_INCLUDE_IN_FRAMEWORK_HEADER = YES;
				CLANG_WARN_RANGE_LOOP_ANALYSIS = YES;
				CLANG_WARN_STRICT_PROTOTYPES = YES;
				CLANG_WARN_SUSPICIOUS_MOVE = YES;
				CLANG_WARN_UNGUARDED_AVAILABILITY = YES_AGGRESSIVE;
				CLANG_WARN_UNREACHABLE_CODE = YES;
				CLANG_WARN__DUPLICATE_METHOD_MATCH = YES;
				COPY_PHASE_STRIP = NO;
				DEBUG_INFORMATION_FORMAT = dwarf;
				DEVELOPMENT_TEAM = "";
				ENABLE_STRICT_OBJC_MSGSEND = YES;
				ENABLE_TESTABILITY = YES;
				GCC_C_LANGUAGE_STANDARD = gnu11;
				GCC_DYNAMIC_NO_PIC = NO;
				GCC_NO_COMMON_BLOCKS = YES;
				GCC_OPTIMIZATION_LEVEL = 0;
				GCC_PREPROCESSOR_DEFINITIONS = (
					"$(inherited)",
					"DEBUG=1",
				);
				GCC_WARN_64_TO_32_BIT_CONVERSION = YES;
				GCC_WARN_ABOUT_RETURN_TYPE = YES_ERROR;
				GCC_WARN_UNDECLARED_SELECTOR = YES;
				GCC_WARN_UNINITIALIZED_AUTOS = YES_AGGRESSIVE;
				GCC_WARN_UNUSED_FUNCTION = YES;
				GCC_WARN_UNUSED_VARIABLE = YES;
				IPHONEOS_DEPLOYMENT_TARGET = 18.0;
				MTL_ENABLE_DEBUG_INFO = INCLUDE_SOURCE;
				MTL_FAST_MATH = YES;
				ONLY_ACTIVE_ARCH = YES;
				PRODUCT_BUNDLE_IDENTIFIER = kingcos.me.openvibble;
				PRODUCT_NAME = "$(TARGET_NAME)";
				SDKROOT = iphoneos;
				SWIFT_ACTIVE_COMPILATION_CONDITIONS = DEBUG;
				SWIFT_OPTIMIZATION_LEVEL = "-Onone";
				SWIFT_VERSION = 6.0;
				TARGETED_DEVICE_FAMILY = "1,2";
			};
			name = Debug;
		};
		2B5F6C57D7B8A35886B38F5E /* Release */ = {
			isa = XCBuildConfiguration;
			buildSettings = {
				APPLICATION_EXTENSION_API_ONLY = YES;
				CODE_SIGN_ENTITLEMENTS = OpenVibbleLiveActivity/OpenVibbleLiveActivity.entitlements;
				CURRENT_PROJECT_VERSION = 2;
				GENERATE_INFOPLIST_FILE = NO;
				INFOPLIST_FILE = OpenVibbleLiveActivity/Info.plist;
				IPHONEOS_DEPLOYMENT_TARGET = 18.0;
				LD_RUNPATH_SEARCH_PATHS = (
					"$(inherited)",
					"@executable_path/Frameworks",
					"@executable_path/../../Frameworks",
				);
				MARKETING_VERSION = 1.0;
				PRODUCT_BUNDLE_IDENTIFIER = kingcos.me.openvibble.liveactivity;
				SDKROOT = iphoneos;
				SKIP_INSTALL = YES;
				TARGETED_DEVICE_FAMILY = "1,2";
			};
			name = Release;
		};
		2D622BC12ED04EAD32411FD5 /* Debug */ = {
			isa = XCBuildConfiguration;
			buildSettings = {
				APPLICATION_EXTENSION_API_ONLY = YES;
				CODE_SIGN_ENTITLEMENTS = OpenVibbleLiveActivity/OpenVibbleLiveActivity.entitlements;
				CURRENT_PROJECT_VERSION = 2;
				GENERATE_INFOPLIST_FILE = NO;
				INFOPLIST_FILE = OpenVibbleLiveActivity/Info.plist;
				IPHONEOS_DEPLOYMENT_TARGET = 18.0;
				LD_RUNPATH_SEARCH_PATHS = (
					"$(inherited)",
					"@executable_path/Frameworks",
					"@executable_path/../../Frameworks",
				);
				MARKETING_VERSION = 1.0;
				PRODUCT_BUNDLE_IDENTIFIER = kingcos.me.openvibble.liveactivity;
				SDKROOT = iphoneos;
				SKIP_INSTALL = YES;
				TARGETED_DEVICE_FAMILY = "1,2";
			};
			name = Debug;
		};
		2FDD356F5BFCED600D6D9FBF /* Release */ = {
			isa = XCBuildConfiguration;
			buildSettings = {
				BUNDLE_LOADER = "$(TEST_HOST)";
				GENERATE_INFOPLIST_FILE = YES;
				LD_RUNPATH_SEARCH_PATHS = (
					"$(inherited)",
					"@executable_path/Frameworks",
					"@loader_path/Frameworks",
				);
				PRODUCT_BUNDLE_IDENTIFIER = kingcos.me.openvibble.tests;
				SDKROOT = iphoneos;
				TARGETED_DEVICE_FAMILY = "1,2";
				TEST_HOST = "$(BUILT_PRODUCTS_DIR)/OpenVibbleApp.app/OpenVibbleApp";
			};
			name = Release;
		};
		52E447D9CE6C9654F0E0722F /* Debug */ = {
			isa = XCBuildConfiguration;
			buildSettings = {
				BUNDLE_LOADER = "$(TEST_HOST)";
				GENERATE_INFOPLIST_FILE = YES;
				LD_RUNPATH_SEARCH_PATHS = (
					"$(inherited)",
					"@executable_path/Frameworks",
					"@loader_path/Frameworks",
				);
				PRODUCT_BUNDLE_IDENTIFIER = kingcos.me.openvibble.tests;
				SDKROOT = iphoneos;
				TARGETED_DEVICE_FAMILY = "1,2";
				TEST_HOST = "$(BUILT_PRODUCTS_DIR)/OpenVibbleApp.app/OpenVibbleApp";
			};
			name = Debug;
		};
		6A444272AEA964A481136877 /* Release */ = {
			isa = XCBuildConfiguration;
			buildSettings = {
				ASSETCATALOG_COMPILER_APPICON_NAME = AppIcon;
				CODE_SIGN_ENTITLEMENTS = OpenVibbleApp/OpenVibbleApp.entitlements;
				CODE_SIGN_IDENTITY = "iPhone Developer";
				INFOPLIST_FILE = OpenVibbleApp/Info.plist;
				LD_RUNPATH_SEARCH_PATHS = (
					"$(inherited)",
					"@executable_path/Frameworks",
				);
				SDKROOT = iphoneos;
				TARGETED_DEVICE_FAMILY = "1,2";
			};
			name = Release;
		};
		8144593004D57BEFEBEBA20E /* Release */ = {
			isa = XCBuildConfiguration;
			buildSettings = {
				ALWAYS_SEARCH_USER_PATHS = NO;
				CLANG_ANALYZER_NONNULL = YES;
				CLANG_ANALYZER_NUMBER_OBJECT_CONVERSION = YES_AGGRESSIVE;
				CLANG_CXX_LANGUAGE_STANDARD = "gnu++14";
				CLANG_CXX_LIBRARY = "libc++";
				CLANG_ENABLE_MODULES = YES;
				CLANG_ENABLE_OBJC_ARC = YES;
				CLANG_ENABLE_OBJC_WEAK = YES;
				CLANG_WARN_BLOCK_CAPTURE_AUTORELEASING = YES;
				CLANG_WARN_BOOL_CONVERSION = YES;
				CLANG_WARN_COMMA = YES;
				CLANG_WARN_CONSTANT_CONVERSION = YES;
				CLANG_WARN_DEPRECATED_OBJC_IMPLEMENTATIONS = YES;
				CLANG_WARN_DIRECT_OBJC_ISA_USAGE = YES_ERROR;
				CLANG_WARN_DOCUMENTATION_COMMENTS = YES;
				CLANG_WARN_EMPTY_BODY = YES;
				CLANG_WARN_ENUM_CONVERSION = YES;
				CLANG_WARN_INFINITE_RECURSION = YES;
				CLANG_WARN_INT_CONVERSION = YES;
				CLANG_WARN_NON_LITERAL_NULL_CONVERSION = YES;
				CLANG_WARN_OBJC_IMPLICIT_RETAIN_SELF = YES;
				CLANG_WARN_OBJC_LITERAL_CONVERSION = YES;
				CLANG_WARN_OBJC_ROOT_CLASS = YES_ERROR;
				CLANG_WARN_QUOTED_INCLUDE_IN_FRAMEWORK_HEADER = YES;
				CLANG_WARN_RANGE_LOOP_ANALYSIS = YES;
				CLANG_WARN_STRICT_PROTOTYPES = YES;
				CLANG_WARN_SUSPICIOUS_MOVE = YES;
				CLANG_WARN_UNGUARDED_AVAILABILITY = YES_AGGRESSIVE;
				CLANG_WARN_UNREACHABLE_CODE = YES;
				CLANG_WARN__DUPLICATE_METHOD_MATCH = YES;
				COPY_PHASE_STRIP = NO;
				DEBUG_INFORMATION_FORMAT = "dwarf-with-dsym";
				DEVELOPMENT_TEAM = "";
				ENABLE_NS_ASSERTIONS = NO;
				ENABLE_STRICT_OBJC_MSGSEND = YES;
				GCC_C_LANGUAGE_STANDARD = gnu11;
				GCC_NO_COMMON_BLOCKS = YES;
				GCC_WARN_64_TO_32_BIT_CONVERSION = YES;
				GCC_WARN_ABOUT_RETURN_TYPE = YES_ERROR;
				GCC_WARN_UNDECLARED_SELECTOR = YES;
				GCC_WARN_UNINITIALIZED_AUTOS = YES_AGGRESSIVE;
				GCC_WARN_UNUSED_FUNCTION = YES;
				GCC_WARN_UNUSED_VARIABLE = YES;
				IPHONEOS_DEPLOYMENT_TARGET = 18.0;
				MTL_ENABLE_DEBUG_INFO = NO;
				MTL_FAST_MATH = YES;
				PRODUCT_BUNDLE_IDENTIFIER = kingcos.me.openvibble;
				PRODUCT_NAME = "$(TARGET_NAME)";
				SDKROOT = iphoneos;
				SWIFT_COMPILATION_MODE = wholemodule;
				SWIFT_OPTIMIZATION_LEVEL = "-O";
				SWIFT_VERSION = 6.0;
				TARGETED_DEVICE_FAMILY = "1,2";
			};
			name = Release;
		};
		FA89A4E8806B2744963D7CA2 /* Debug */ = {
			isa = XCBuildConfiguration;
			buildSettings = {
				ASSETCATALOG_COMPILER_APPICON_NAME = AppIcon;
				CODE_SIGN_ENTITLEMENTS = OpenVibbleApp/OpenVibbleApp.entitlements;
				CODE_SIGN_IDENTITY = "iPhone Developer";
				INFOPLIST_FILE = OpenVibbleApp/Info.plist;
				LD_RUNPATH_SEARCH_PATHS = (
					"$(inherited)",
					"@executable_path/Frameworks",
				);
				SDKROOT = iphoneos;
				TARGETED_DEVICE_FAMILY = "1,2";
			};
			name = Debug;
		};
/* End XCBuildConfiguration section */

/* Begin XCConfigurationList section */
		35DF40CB13C9A972EFF97E1D /* Build configuration list for PBXNativeTarget "OpenVibbleApp" */ = {
			isa = XCConfigurationList;
			buildConfigurations = (
				FA89A4E8806B2744963D7CA2 /* Debug */,
				6A444272AEA964A481136877 /* Release */,
			);
			defaultConfigurationIsVisible = 0;
			defaultConfigurationName = Debug;
		};
		43742E17F5C3194136C1E44A /* Build configuration list for PBXNativeTarget "OpenVibbleAppTests" */ = {
			isa = XCConfigurationList;
			buildConfigurations = (
				52E447D9CE6C9654F0E0722F /* Debug */,
				2FDD356F5BFCED600D6D9FBF /* Release */,
			);
			defaultConfigurationIsVisible = 0;
			defaultConfigurationName = Debug;
		};
		470DA2947C22966D05252FF3 /* Build configuration list for PBXNativeTarget "OpenVibbleLiveActivity" */ = {
			isa = XCConfigurationList;
			buildConfigurations = (
				2D622BC12ED04EAD32411FD5 /* Debug */,
				2B5F6C57D7B8A35886B38F5E /* Release */,
			);
			defaultConfigurationIsVisible = 0;
			defaultConfigurationName = Debug;
		};
		BD41E83893AB248CFF4D3207 /* Build configuration list for PBXProject "OpenVibble" */ = {
			isa = XCConfigurationList;
			buildConfigurations = (
				02C8905BB1E1C41F35664A62 /* Debug */,
				8144593004D57BEFEBEBA20E /* Release */,
			);
			defaultConfigurationIsVisible = 0;
			defaultConfigurationName = Debug;
		};
/* End XCConfigurationList section */

/* Begin XCLocalSwiftPackageReference section */
		FDA7D9305826DD785BB8075C /* XCLocalSwiftPackageReference "Packages/OpenVibbleKit" */ = {
			isa = XCLocalSwiftPackageReference;
			relativePath = Packages/OpenVibbleKit;
		};
/* End XCLocalSwiftPackageReference section */

/* Begin XCSwiftPackageProductDependency section */
		1DB67BB197FA9008649A72BF /* BridgeRuntime */ = {
			isa = XCSwiftPackageProductDependency;
			productName = BridgeRuntime;
		};
		2A2889476DF5C751D95EB4FB /* BuddyProtocol */ = {
			isa = XCSwiftPackageProductDependency;
			productName = BuddyProtocol;
		};
		95466985313AEFA5924180FD /* BuddyUI */ = {
			isa = XCSwiftPackageProductDependency;
			productName = BuddyUI;
		};
		D4181E28E656C37944651F07 /* BuddyStorage */ = {
			isa = XCSwiftPackageProductDependency;
			productName = BuddyStorage;
		};
		DC881B515F8061AD893E79BD /* BuddyStats */ = {
			isa = XCSwiftPackageProductDependency;
			productName = BuddyStats;
		};
		E34575DAA58E05003C553CFD /* NUSPeripheral */ = {
			isa = XCSwiftPackageProductDependency;
			productName = NUSPeripheral;
		};
		E64C391922BD2DC616D86DB4 /* BuddyPersona */ = {
			isa = XCSwiftPackageProductDependency;
			productName = BuddyPersona;
		};
/* End XCSwiftPackageProductDependency section */
	};
	rootObject = EBF0C52429AE09059032EC03 /* Project object */;
}
